
Microsoft Visual Studio Solution File, Format Version 12.00
# Visual Studio Version 16
VisualStudioVersion = 16.0.31025.194
MinimumVisualStudioVersion = 10.0.40219.1
Project("{FAE04EC0-301F-11D3-BF4B-00C04F79EFBC}") = "MiryPharma", "MiryPharma.csproj", "{A4CCA083-E38F-433A-863A-115CF22DDCA5}"
EndProject
Global
	GlobalSection(SolutionConfigurationPlatforms) = preSolution
		Debug|Any CPU = Debug|Any CPU
		Release|Any CPU = Release|Any CPU
	EndGlobalSection
	GlobalSection(ProjectConfigurationPlatforms) = postSolution
		{A4CCA083-E38F-433A-863A-115CF22DDCA5}.Debug|Any CPU.ActiveCfg = Debug|Any CPU
		{A4CCA083-E38F-433A-863A-115CF22DDCA5}.Debug|Any CPU.Build.0 = Debug|Any CPU
		{A4CCA083-E38F-433A-863A-115CF22DDCA5}.Release|Any CPU.ActiveCfg = Release|Any CPU
		{A4CCA083-E38F-433A-863A-115CF22DDCA5}.Release|Any CPU.Build.0 = Release|Any CPU
	EndGlobalSection
	GlobalSection(SolutionProperties) = preSolution
		HideSolutionNode = FALSE
	EndGlobalSection
	GlobalSection(ExtensibilityGlobals) = postSolution
		SolutionGuid = {61A67A2D-0DD4-41BF-B0B8-AEE1C7D17E55}
	EndGlobalSection
EndGlobal
